
Microsoft Visual Studio Solution File, Format Version 12.00
# Visual Studio 2013
VisualStudioVersion = 12.0.31101.0
MinimumVisualStudioVersion = 10.0.40219.1
Project("{8BC9CEB8-8B4A-11D0-8D11-00A0C91BC942}") = "Win32Project_TestGithub", "Win32Project_TestGithub\Win32Project_TestGithub.vcxproj", "{BA8CBC52-EEFD-45DA-AD48-EA729730792A}"
EndProject
Global
	GlobalSection(SolutionConfigurationPlatforms) = preSolution
		Debug|Win32 = Debug|Win32
		Release|Win32 = Release|Win32
	EndGlobalSection
	GlobalSection(ProjectConfigurationPlatforms) = postSolution
		{BA8CBC52-EEFD-45DA-AD48-EA729730792A}.Debug|Win32.ActiveCfg = Debug|Win32
		{BA8CBC52-EEFD-45DA-AD48-EA729730792A}.Debug|Win32.Build.0 = Debug|Win32
		{BA8CBC52-EEFD-45DA-AD48-EA729730792A}.Release|Win32.ActiveCfg = Release|Win32
		{BA8CBC52-EEFD-45DA-AD48-EA729730792A}.Release|Win32.Build.0 = Release|Win32
	EndGlobalSection
	GlobalSection(SolutionProperties) = preSolution
		HideSolutionNode = FALSE
	EndGlobalSection
EndGlobal
